Microsoft Visual Studio Solution File, Format Version 12.00
# Visual Studio Version 17
VisualStudioVersion = 17.5.2.0
MinimumVisualStudioVersion = 10.0.40219.1
Project("{FAE04EC0-301F-11D3-BF4B-00C04F79EFBC}") = "Pc2_Progra", "Pc2_Progra.csproj", "{CDDE23D0-99F5-7B21-FAA4-59CF7C4B757E}"
EndProject
Global
	GlobalSection(SolutionConfigurationPlatforms) = preSolution
		Debug|Any CPU = Debug|Any CPU
		Release|Any CPU = Release|Any CPU
	EndGlobalSection
	GlobalSection(ProjectConfigurationPlatforms) = postSolution
		{CDDE23D0-99F5-7B21-FAA4-59CF7C4B757E}.Debug|Any CPU.ActiveCfg = Debug|Any CPU
		{CDDE23D0-99F5-7B21-FAA4-59CF7C4B757E}.Debug|Any CPU.Build.0 = Debug|Any CPU
		{CDDE23D0-99F5-7B21-FAA4-59CF7C4B757E}.Release|Any CPU.ActiveCfg = Release|Any CPU
		{CDDE23D0-99F5-7B21-FAA4-59CF7C4B757E}.Release|Any CPU.Build.0 = Release|Any CPU
	EndGlobalSection
	GlobalSection(SolutionProperties) = preSolution
		HideSolutionNode = FALSE
	EndGlobalSection
	GlobalSection(ExtensibilityGlobals) = postSolution
		SolutionGuid = {84DFD3B8-5705-422C-93BD-CCE0E477031A}
	EndGlobalSection
EndGlobal
